
Microsoft Visual Studio Solution File, Format Version 12.00
# Visual Studio Version 17
VisualStudioVersion = 17.14.36623.8 d17.14
MinimumVisualStudioVersion = 10.0.40219.1
Project("{FAE04EC0-301F-11D3-BF4B-00C04F79EFBC}") = "PIMIIIWeb_SQL_Login", "PIMIIIWeb_SQL_Login.csproj", "{D50281FB-B54C-F05B-39ED-E90AD92ABC90}"
EndProject
Global
	GlobalSection(SolutionConfigurationPlatforms) = preSolution
		Debug|Any CPU = Debug|Any CPU
		Release|Any CPU = Release|Any CPU
	EndGlobalSection
	GlobalSection(ProjectConfigurationPlatforms) = postSolution
		{D50281FB-B54C-F05B-39ED-E90AD92ABC90}.Debug|Any CPU.ActiveCfg = Debug|Any CPU
		{D50281FB-B54C-F05B-39ED-E90AD92ABC90}.Debug|Any CPU.Build.0 = Debug|Any CPU
		{D50281FB-B54C-F05B-39ED-E90AD92ABC90}.Release|Any CPU.ActiveCfg = Release|Any CPU
		{D50281FB-B54C-F05B-39ED-E90AD92ABC90}.Release|Any CPU.Build.0 = Release|Any CPU
	EndGlobalSection
	GlobalSection(SolutionProperties) = preSolution
		HideSolutionNode = FALSE
	EndGlobalSection
	GlobalSection(ExtensibilityGlobals) = postSolution
		SolutionGuid = {3371BF2F-31B3-4469-9712-EFE784C65A60}
	EndGlobalSection
EndGlobal
